--- 
dependencies: 
  rake: 
    group: 
    - :development
    version: ">= 0"
  rspec: 
    group: 
    - :development
    version: ">= 0"
  sdoc: 
    group: 
    - :development
    version: ">= 0"
  rcov: 
    group: 
    - :development
    version: ">= 0"
  jeweler: 
    group: 
    - :development
    version: ">= 0"
  rdoc: 
    group: 
    - :development
    version: ">= 2.4.0"
specs: 
- rake: 
    version: 0.8.7
- json_pure: 
    version: 1.4.3
- gemcutter: 
    version: 0.5.0
- git: 
    version: 1.2.5
- rubyforge: 
    version: 2.0.4
- jeweler: 
    version: 1.4.0
- json: 
    version: 1.4.3
- rcov: 
    version: 0.9.8
- rdoc: 
    version: 2.5.8
- rspec: 
    version: 1.3.0
- sdoc: 
    version: 0.2.19
hash: 4f040144929b22ea17e9c74ab3cc8dd9db5a6fcf
sources: 
- Rubygems: 
    uri: http://gemcutter.org
